# This file was autogenerated by Stack.
# You should not edit this file by hand.
# For more information, please see the documentation at:
#   https://docs.haskellstack.org/en/stable/lock_files

packages: []
snapshots:
- completed:
    sha256: b4e26ed2493196ce2ffd825b14dc68844b501ea7c0206c8505b37d09331f4ffd
    size: 617433
    url: https://raw.githubusercontent.com/commercialhaskell/stackage-snapshots/master/nightly/2022/7/17.yaml
  original:
    url: https://raw.githubusercontent.com/commercialhaskell/stackage-snapshots/master/nightly/2022/7/17.yaml
